
Microsoft Visual Studio Solution File, Format Version 12.00
# Visual Studio 14
VisualStudioVersion = 14.0.25123.0
MinimumVisualStudioVersion = 10.0.40219.1
Project("{FAE04EC0-301F-11D3-BF4B-00C04F79EFBC}") = "Grayscale", "Grayscale\Grayscale.csproj", "{3EF72EA4-CDE1-43B2-812E-74DDC33F9057}"
EndProject
Project("{FAE04EC0-301F-11D3-BF4B-00C04F79EFBC}") = "DIPHua", "DIPHua\DIPHua.csproj", "{B2297302-56D3-41CE-BA83-3B964A0650F0}"
EndProject
Project("{FAE04EC0-301F-11D3-BF4B-00C04F79EFBC}") = "Reformat", "Reformat\Reformat.csproj", "{D59C5843-FFF6-49E0-BD55-86FE07C3D535}"
EndProject
Project("{FAE04EC0-301F-11D3-BF4B-00C04F79EFBC}") = "Medianfilter", "Medianfilter\Medianfilter.csproj", "{271E46B6-20AB-4639-AA22-1889339BE6CF}"
EndProject
Project("{FAE04EC0-301F-11D3-BF4B-00C04F79EFBC}") = "Threecolorimg", "Threecolorimg\Threecolorimg.csproj", "{CAB19DFB-DA33-4BA3-B333-06E6CCEB2509}"
EndProject
Project("{FAE04EC0-301F-11D3-BF4B-00C04F79EFBC}") = "Arithmeticmeanfilter", "Arithmeticmeanfilter\Arithmeticmeanfilter.csproj", "{9B76FB69-AA07-4E3B-B300-8492DC2F6970}"
EndProject
Project("{FAE04EC0-301F-11D3-BF4B-00C04F79EFBC}") = "Maxfilter", "Maxfilter\Maxfilter.csproj", "{91DBDBE3-588C-4475-8B20-2E652EFA6AE8}"
EndProject
Project("{FAE04EC0-301F-11D3-BF4B-00C04F79EFBC}") = "Minfilter", "Minfilter\Minfilter.csproj", "{B490A377-324A-41E8-9D80-88E310D96F2E}"
EndProject
Project("{FAE04EC0-301F-11D3-BF4B-00C04F79EFBC}") = "Midpointfilter", "Midpointfilter\Midpointfilter.csproj", "{5CD4FBB3-FBB4-49DF-9F5B-D2A826E68513}"
EndProject
Project("{FAE04EC0-301F-11D3-BF4B-00C04F79EFBC}") = "Homomorphicfilter", "Homomorphicfilter\Homomorphicfilter.csproj", "{6F34B379-1125-4A79-BF38-F9D32C22ED55}"
EndProject
Project("{FAE04EC0-301F-11D3-BF4B-00C04F79EFBC}") = "Imagereverse", "Imagereverse\Imagereverse.csproj", "{1E19CAC8-EDA1-42ED-9367-5A0A63ADD82F}"
EndProject
Project("{FAE04EC0-301F-11D3-BF4B-00C04F79EFBC}") = "Gaussianlowpass", "Gaussianlowpass\Gaussianlowpass.csproj", "{205D0676-DD71-4C24-867A-2B7C46DFB149}"
EndProject
Project("{FAE04EC0-301F-11D3-BF4B-00C04F79EFBC}") = "Phasedisplay", "Phasedisplay\Phasedisplay.csproj", "{BDCA3BB8-0AC7-4876-9C8B-918C4DD4F778}"
EndProject
Project("{FAE04EC0-301F-11D3-BF4B-00C04F79EFBC}") = "Gaussianhighpass", "Gaussianhighpass\Gaussianhighpass.csproj", "{8A3326D5-7F98-450E-A0BF-28CFCB6ADC35}"
EndProject
Project("{FAE04EC0-301F-11D3-BF4B-00C04F79EFBC}") = "Histogram", "Histogram\Histogram.csproj", "{19F9A641-841E-46B9-9F1B-FA435ABD9D2B}"
EndProject
Project("{FAE04EC0-301F-11D3-BF4B-00C04F79EFBC}") = "Convolution", "Convolution\Convolution.csproj", "{C872C60D-AC65-4F93-9130-15E61F09782F}"
EndProject
Project("{FAE04EC0-301F-11D3-BF4B-00C04F79EFBC}") = "Histogramequalization", "Histogramequalization\Histogramequalization.csproj", "{792EE6D1-F567-455C-82B1-614F2EBCE7F7}"
EndProject
Project("{FAE04EC0-301F-11D3-BF4B-00C04F79EFBC}") = "DIPHua2", "DIPHua2\DIPHua2.csproj", "{FD0F365E-5ED7-44E2-975C-15BE54BDB69A}"
EndProject
Project("{FAE04EC0-301F-11D3-BF4B-00C04F79EFBC}") = "Deconvolution", "Deconvolution\Deconvolution.csproj", "{FBF2BE82-4E11-4BA4-9979-B73E39E48E85}"
EndProject
Project("{FAE04EC0-301F-11D3-BF4B-00C04F79EFBC}") = "Blur", "Blur\Blur.csproj", "{07E378DF-714F-4BD1-8D7C-A51262C7E498}"
EndProject
Project("{FAE04EC0-301F-11D3-BF4B-00C04F79EFBC}") = "Deblur", "Deblur\Deblur.csproj", "{05D9A33F-636E-4C8A-957E-6ADEBFB103B4}"
EndProject
Project("{FAE04EC0-301F-11D3-BF4B-00C04F79EFBC}") = "Magnitudedisplay", "Magnitudedisplay\Magnitudedisplay.csproj", "{D22D6A41-3CB2-439A-A14C-374EECA4DB4F}"
EndProject
Project("{FAE04EC0-301F-11D3-BF4B-00C04F79EFBC}") = "DIPHua3", "DIPHua3\DIPHua3.csproj", "{A52B57AB-478E-4FCE-AF68-2F56582AC6AC}"
EndProject
Project("{2150E333-8FDC-42A3-9474-1A3956D46DE8}") = "DIP", "DIP", "{E39653C2-D2BE-44FE-9233-05706E8E2881}"
EndProject
Project("{2150E333-8FDC-42A3-9474-1A3956D46DE8}") = "DIPWindows", "DIPWindows", "{88A59E35-2500-4F17-AB7A-FF41AF0FE295}"
EndProject
Project("{FAE04EC0-301F-11D3-BF4B-00C04F79EFBC}") = "SimpleDeblur", "SimpleDeblur\SimpleDeblur.csproj", "{CB8F8AFF-186E-4F3A-8656-4DB4B410880B}"
EndProject
Project("{FAE04EC0-301F-11D3-BF4B-00C04F79EFBC}") = "Laplacefilter", "Laplacefilter\Laplacefilter.csproj", "{4CF3551C-0BBA-41A7-8D1C-EE3E636CC1D0}"
EndProject
Project("{FAE04EC0-301F-11D3-BF4B-00C04F79EFBC}") = "GLfilter", "GLfilter\GLfilter.csproj", "{155C4D83-1DEC-4AE5-B075-E1110D9F50F4}"
EndProject
Project("{FAE04EC0-301F-11D3-BF4B-00C04F79EFBC}") = "Gaussianfilter", "Gaussianfilter\Gaussianfilter.csproj", "{CBD54660-CE42-4F8B-A100-F36A51AA3907}"
EndProject
Project("{FAE04EC0-301F-11D3-BF4B-00C04F79EFBC}") = "Sharpenfilter", "Sharpenfilter\Sharpenfilter.csproj", "{FA65A7E9-C487-4663-BB45-C16149C6D901}"
EndProject
Global
	GlobalSection(SolutionConfigurationPlatforms) = preSolution
		Debug|Any CPU = Debug|Any CPU
		Debug|x64 = Debug|x64
		Debug|x86 = Debug|x86
		Release|Any CPU = Release|Any CPU
		Release|x64 = Release|x64
		Release|x86 = Release|x86
	EndGlobalSection
	GlobalSection(ProjectConfigurationPlatforms) = postSolution
		{3EF72EA4-CDE1-43B2-812E-74DDC33F9057}.Debug|Any CPU.ActiveCfg = Debug|Any CPU
		{3EF72EA4-CDE1-43B2-812E-74DDC33F9057}.Debug|Any CPU.Build.0 = Debug|Any CPU
		{3EF72EA4-CDE1-43B2-812E-74DDC33F9057}.Debug|x64.ActiveCfg = Debug|x64
		{3EF72EA4-CDE1-43B2-812E-74DDC33F9057}.Debug|x64.Build.0 = Debug|x64
		{3EF72EA4-CDE1-43B2-812E-74DDC33F9057}.Debug|x86.ActiveCfg = Debug|x86
		{3EF72EA4-CDE1-43B2-812E-74DDC33F9057}.Debug|x86.Build.0 = Debug|x86
		{3EF72EA4-CDE1-43B2-812E-74DDC33F9057}.Release|Any CPU.ActiveCfg = Release|Any CPU
		{3EF72EA4-CDE1-43B2-812E-74DDC33F9057}.Release|Any CPU.Build.0 = Release|Any CPU
		{3EF72EA4-CDE1-43B2-812E-74DDC33F9057}.Release|x64.ActiveCfg = Release|x64
		{3EF72EA4-CDE1-43B2-812E-74DDC33F9057}.Release|x64.Build.0 = Release|x64
		{3EF72EA4-CDE1-43B2-812E-74DDC33F9057}.Release|x86.ActiveCfg = Release|x86
		{3EF72EA4-CDE1-43B2-812E-74DDC33F9057}.Release|x86.Build.0 = Release|x86
		{B2297302-56D3-41CE-BA83-3B964A0650F0}.Debug|Any CPU.ActiveCfg = Debug|Any CPU
		{B2297302-56D3-41CE-BA83-3B964A0650F0}.Debug|Any CPU.Build.0 = Debug|Any CPU
		{B2297302-56D3-41CE-BA83-3B964A0650F0}.Debug|x64.ActiveCfg = Debug|x64
		{B2297302-56D3-41CE-BA83-3B964A0650F0}.Debug|x64.Build.0 = Debug|x64
		{B2297302-56D3-41CE-BA83-3B964A0650F0}.Debug|x86.ActiveCfg = Debug|x86
		{B2297302-56D3-41CE-BA83-3B964A0650F0}.Debug|x86.Build.0 = Debug|x86
		{B2297302-56D3-41CE-BA83-3B964A0650F0}.Release|Any CPU.ActiveCfg = Release|Any CPU
		{B2297302-56D3-41CE-BA83-3B964A0650F0}.Release|Any CPU.Build.0 = Release|Any CPU
		{B2297302-56D3-41CE-BA83-3B964A0650F0}.Release|x64.ActiveCfg = Release|x64
		{B2297302-56D3-41CE-BA83-3B964A0650F0}.Release|x64.Build.0 = Release|x64
		{B2297302-56D3-41CE-BA83-3B964A0650F0}.Release|x86.ActiveCfg = Release|x86
		{B2297302-56D3-41CE-BA83-3B964A0650F0}.Release|x86.Build.0 = Release|x86
		{D59C5843-FFF6-49E0-BD55-86FE07C3D535}.Debug|Any CPU.ActiveCfg = Debug|Any CPU
		{D59C5843-FFF6-49E0-BD55-86FE07C3D535}.Debug|Any CPU.Build.0 = Debug|Any CPU
		{D59C5843-FFF6-49E0-BD55-86FE07C3D535}.Debug|x64.ActiveCfg = Debug|x64
		{D59C5843-FFF6-49E0-BD55-86FE07C3D535}.Debug|x64.Build.0 = Debug|x64
		{D59C5843-FFF6-49E0-BD55-86FE07C3D535}.Debug|x86.ActiveCfg = Debug|x86
		{D59C5843-FFF6-49E0-BD55-86FE07C3D535}.Debug|x86.Build.0 = Debug|x86
		{D59C5843-FFF6-49E0-BD55-86FE07C3D535}.Release|Any CPU.ActiveCfg = Release|Any CPU
		{D59C5843-FFF6-49E0-BD55-86FE07C3D535}.Release|Any CPU.Build.0 = Release|Any CPU
		{D59C5843-FFF6-49E0-BD55-86FE07C3D535}.Release|x64.ActiveCfg = Release|x64
		{D59C5843-FFF6-49E0-BD55-86FE07C3D535}.Release|x64.Build.0 = Release|x64
		{D59C5843-FFF6-49E0-BD55-86FE07C3D535}.Release|x86.ActiveCfg = Release|x86
		{D59C5843-FFF6-49E0-BD55-86FE07C3D535}.Release|x86.Build.0 = Release|x86
		{271E46B6-20AB-4639-AA22-1889339BE6CF}.Debug|Any CPU.ActiveCfg = Debug|Any CPU
		{271E46B6-20AB-4639-AA22-1889339BE6CF}.Debug|Any CPU.Build.0 = Debug|Any CPU
		{271E46B6-20AB-4639-AA22-1889339BE6CF}.Debug|x64.ActiveCfg = Debug|x64
		{271E46B6-20AB-4639-AA22-1889339BE6CF}.Debug|x64.Build.0 = Debug|x64
		{271E46B6-20AB-4639-AA22-1889339BE6CF}.Debug|x86.ActiveCfg = Debug|x86
		{271E46B6-20AB-4639-AA22-1889339BE6CF}.Debug|x86.Build.0 = Debug|x86
		{271E46B6-20AB-4639-AA22-1889339BE6CF}.Release|Any CPU.ActiveCfg = Release|Any CPU
		{271E46B6-20AB-4639-AA22-1889339BE6CF}.Release|Any CPU.Build.0 = Release|Any CPU
		{271E46B6-20AB-4639-AA22-1889339BE6CF}.Release|x64.ActiveCfg = Release|x64
		{271E46B6-20AB-4639-AA22-1889339BE6CF}.Release|x64.Build.0 = Release|x64
		{271E46B6-20AB-4639-AA22-1889339BE6CF}.Release|x86.ActiveCfg = Release|x86
		{271E46B6-20AB-4639-AA22-1889339BE6CF}.Release|x86.Build.0 = Release|x86
		{CAB19DFB-DA33-4BA3-B333-06E6CCEB2509}.Debug|Any CPU.ActiveCfg = Debug|Any CPU
		{CAB19DFB-DA33-4BA3-B333-06E6CCEB2509}.Debug|Any CPU.Build.0 = Debug|Any CPU
		{CAB19DFB-DA33-4BA3-B333-06E6CCEB2509}.Debug|x64.ActiveCfg = Debug|x64
		{CAB19DFB-DA33-4BA3-B333-06E6CCEB2509}.Debug|x64.Build.0 = Debug|x64
		{CAB19DFB-DA33-4BA3-B333-06E6CCEB2509}.Debug|x86.ActiveCfg = Debug|x86
		{CAB19DFB-DA33-4BA3-B333-06E6CCEB2509}.Debug|x86.Build.0 = Debug|x86
		{CAB19DFB-DA33-4BA3-B333-06E6CCEB2509}.Release|Any CPU.ActiveCfg = Release|Any CPU
		{CAB19DFB-DA33-4BA3-B333-06E6CCEB2509}.Release|Any CPU.Build.0 = Release|Any CPU
		{CAB19DFB-DA33-4BA3-B333-06E6CCEB2509}.Release|x64.ActiveCfg = Release|x64
		{CAB19DFB-DA33-4BA3-B333-06E6CCEB2509}.Release|x64.Build.0 = Release|x64
		{CAB19DFB-DA33-4BA3-B333-06E6CCEB2509}.Release|x86.ActiveCfg = Release|x86
		{CAB19DFB-DA33-4BA3-B333-06E6CCEB2509}.Release|x86.Build.0 = Release|x86
		{9B76FB69-AA07-4E3B-B300-8492DC2F6970}.Debug|Any CPU.ActiveCfg = Debug|Any CPU
		{9B76FB69-AA07-4E3B-B300-8492DC2F6970}.Debug|Any CPU.Build.0 = Debug|Any CPU
		{9B76FB69-AA07-4E3B-B300-8492DC2F6970}.Debug|x64.ActiveCfg = Debug|x64
		{9B76FB69-AA07-4E3B-B300-8492DC2F6970}.Debug|x64.Build.0 = Debug|x64
		{9B76FB69-AA07-4E3B-B300-8492DC2F6970}.Debug|x86.ActiveCfg = Debug|x86
		{9B76FB69-AA07-4E3B-B300-8492DC2F6970}.Debug|x86.Build.0 = Debug|x86
		{9B76FB69-AA07-4E3B-B300-8492DC2F6970}.Release|Any CPU.ActiveCfg = Release|Any CPU
		{9B76FB69-AA07-4E3B-B300-8492DC2F6970}.Release|Any CPU.Build.0 = Release|Any CPU
		{9B76FB69-AA07-4E3B-B300-8492DC2F6970}.Release|x64.ActiveCfg = Release|x64
		{9B76FB69-AA07-4E3B-B300-8492DC2F6970}.Release|x64.Build.0 = Release|x64
		{9B76FB69-AA07-4E3B-B300-8492DC2F6970}.Release|x86.ActiveCfg = Release|x86
		{9B76FB69-AA07-4E3B-B300-8492DC2F6970}.Release|x86.Build.0 = Release|x86
		{91DBDBE3-588C-4475-8B20-2E652EFA6AE8}.Debug|Any CPU.ActiveCfg = Debug|Any CPU
		{91DBDBE3-588C-4475-8B20-2E652EFA6AE8}.Debug|Any CPU.Build.0 = Debug|Any CPU
		{91DBDBE3-588C-4475-8B20-2E652EFA6AE8}.Debug|x64.ActiveCfg = Debug|x64
		{91DBDBE3-588C-4475-8B20-2E652EFA6AE8}.Debug|x64.Build.0 = Debug|x64
		{91DBDBE3-588C-4475-8B20-2E652EFA6AE8}.Debug|x86.ActiveCfg = Debug|x86
		{91DBDBE3-588C-4475-8B20-2E652EFA6AE8}.Debug|x86.Build.0 = Debug|x86
		{91DBDBE3-588C-4475-8B20-2E652EFA6AE8}.Release|Any CPU.ActiveCfg = Release|Any CPU
		{91DBDBE3-588C-4475-8B20-2E652EFA6AE8}.Release|Any CPU.Build.0 = Release|Any CPU
		{91DBDBE3-588C-4475-8B20-2E652EFA6AE8}.Release|x64.ActiveCfg = Release|x64
		{91DBDBE3-588C-4475-8B20-2E652EFA6AE8}.Release|x64.Build.0 = Release|x64
		{91DBDBE3-588C-4475-8B20-2E652EFA6AE8}.Release|x86.ActiveCfg = Release|x86
		{91DBDBE3-588C-4475-8B20-2E652EFA6AE8}.Release|x86.Build.0 = Release|x86
		{B490A377-324A-41E8-9D80-88E310D96F2E}.Debug|Any CPU.ActiveCfg = Debug|Any CPU
		{B490A377-324A-41E8-9D80-88E310D96F2E}.Debug|Any CPU.Build.0 = Debug|Any CPU
		{B490A377-324A-41E8-9D80-88E310D96F2E}.Debug|x64.ActiveCfg = Debug|x64
		{B490A377-324A-41E8-9D80-88E310D96F2E}.Debug|x64.Build.0 = Debug|x64
		{B490A377-324A-41E8-9D80-88E310D96F2E}.Debug|x86.ActiveCfg = Debug|x86
		{B490A377-324A-41E8-9D80-88E310D96F2E}.Debug|x86.Build.0 = Debug|x86
		{B490A377-324A-41E8-9D80-88E310D96F2E}.Release|Any CPU.ActiveCfg = Release|Any CPU
		{B490A377-324A-41E8-9D80-88E310D96F2E}.Release|Any CPU.Build.0 = Release|Any CPU
		{B490A377-324A-41E8-9D80-88E310D96F2E}.Release|x64.ActiveCfg = Release|x64
		{B490A377-324A-41E8-9D80-88E310D96F2E}.Release|x64.Build.0 = Release|x64
		{B490A377-324A-41E8-9D80-88E310D96F2E}.Release|x86.ActiveCfg = Release|x86
		{B490A377-324A-41E8-9D80-88E310D96F2E}.Release|x86.Build.0 = Release|x86
		{5CD4FBB3-FBB4-49DF-9F5B-D2A826E68513}.Debug|Any CPU.ActiveCfg = Debug|Any CPU
		{5CD4FBB3-FBB4-49DF-9F5B-D2A826E68513}.Debug|Any CPU.Build.0 = Debug|Any CPU
		{5CD4FBB3-FBB4-49DF-9F5B-D2A826E68513}.Debug|x64.ActiveCfg = Debug|x64
		{5CD4FBB3-FBB4-49DF-9F5B-D2A826E68513}.Debug|x64.Build.0 = Debug|x64
		{5CD4FBB3-FBB4-49DF-9F5B-D2A826E68513}.Debug|x86.ActiveCfg = Debug|x86
		{5CD4FBB3-FBB4-49DF-9F5B-D2A826E68513}.Debug|x86.Build.0 = Debug|x86
		{5CD4FBB3-FBB4-49DF-9F5B-D2A826E68513}.Release|Any CPU.ActiveCfg = Release|Any CPU
		{5CD4FBB3-FBB4-49DF-9F5B-D2A826E68513}.Release|Any CPU.Build.0 = Release|Any CPU
		{5CD4FBB3-FBB4-49DF-9F5B-D2A826E68513}.Release|x64.ActiveCfg = Release|x64
		{5CD4FBB3-FBB4-49DF-9F5B-D2A826E68513}.Release|x64.Build.0 = Release|x64
		{5CD4FBB3-FBB4-49DF-9F5B-D2A826E68513}.Release|x86.ActiveCfg = Release|x86
		{5CD4FBB3-FBB4-49DF-9F5B-D2A826E68513}.Release|x86.Build.0 = Release|x86
		{6F34B379-1125-4A79-BF38-F9D32C22ED55}.Debug|Any CPU.ActiveCfg = Debug|Any CPU
		{6F34B379-1125-4A79-BF38-F9D32C22ED55}.Debug|Any CPU.Build.0 = Debug|Any CPU
		{6F34B379-1125-4A79-BF38-F9D32C22ED55}.Debug|x64.ActiveCfg = Debug|x64
		{6F34B379-1125-4A79-BF38-F9D32C22ED55}.Debug|x64.Build.0 = Debug|x64
		{6F34B379-1125-4A79-BF38-F9D32C22ED55}.Debug|x86.ActiveCfg = Debug|x86
		{6F34B379-1125-4A79-BF38-F9D32C22ED55}.Debug|x86.Build.0 = Debug|x86
		{6F34B379-1125-4A79-BF38-F9D32C22ED55}.Release|Any CPU.ActiveCfg = Release|Any CPU
		{6F34B379-1125-4A79-BF38-F9D32C22ED55}.Release|Any CPU.Build.0 = Release|Any CPU
		{6F34B379-1125-4A79-BF38-F9D32C22ED55}.Release|x64.ActiveCfg = Release|x64
		{6F34B379-1125-4A79-BF38-F9D32C22ED55}.Release|x64.Build.0 = Release|x64
		{6F34B379-1125-4A79-BF38-F9D32C22ED55}.Release|x86.ActiveCfg = Release|x86
		{6F34B379-1125-4A79-BF38-F9D32C22ED55}.Release|x86.Build.0 = Release|x86
		{1E19CAC8-EDA1-42ED-9367-5A0A63ADD82F}.Debug|Any CPU.ActiveCfg = Debug|Any CPU
		{1E19CAC8-EDA1-42ED-9367-5A0A63ADD82F}.Debug|Any CPU.Build.0 = Debug|Any CPU
		{1E19CAC8-EDA1-42ED-9367-5A0A63ADD82F}.Debug|x64.ActiveCfg = Debug|x64
		{1E19CAC8-EDA1-42ED-9367-5A0A63ADD82F}.Debug|x64.Build.0 = Debug|x64
		{1E19CAC8-EDA1-42ED-9367-5A0A63ADD82F}.Debug|x86.ActiveCfg = Debug|x86
		{1E19CAC8-EDA1-42ED-9367-5A0A63ADD82F}.Debug|x86.Build.0 = Debug|x86
		{1E19CAC8-EDA1-42ED-9367-5A0A63ADD82F}.Release|Any CPU.ActiveCfg = Release|Any CPU
		{1E19CAC8-EDA1-42ED-9367-5A0A63ADD82F}.Release|Any CPU.Build.0 = Release|Any CPU
		{1E19CAC8-EDA1-42ED-9367-5A0A63ADD82F}.Release|x64.ActiveCfg = Release|x64
		{1E19CAC8-EDA1-42ED-9367-5A0A63ADD82F}.Release|x64.Build.0 = Release|x64
		{1E19CAC8-EDA1-42ED-9367-5A0A63ADD82F}.Release|x86.ActiveCfg = Release|x86
		{1E19CAC8-EDA1-42ED-9367-5A0A63ADD82F}.Release|x86.Build.0 = Release|x86
		{205D0676-DD71-4C24-867A-2B7C46DFB149}.Debug|Any CPU.ActiveCfg = Debug|Any CPU
		{205D0676-DD71-4C24-867A-2B7C46DFB149}.Debug|Any CPU.Build.0 = Debug|Any CPU
		{205D0676-DD71-4C24-867A-2B7C46DFB149}.Debug|x64.ActiveCfg = Debug|x64
		{205D0676-DD71-4C24-867A-2B7C46DFB149}.Debug|x64.Build.0 = Debug|x64
		{205D0676-DD71-4C24-867A-2B7C46DFB149}.Debug|x86.ActiveCfg = Debug|x86
		{205D0676-DD71-4C24-867A-2B7C46DFB149}.Debug|x86.Build.0 = Debug|x86
		{205D0676-DD71-4C24-867A-2B7C46DFB149}.Release|Any CPU.ActiveCfg = Release|Any CPU
		{205D0676-DD71-4C24-867A-2B7C46DFB149}.Release|Any CPU.Build.0 = Release|Any CPU
		{205D0676-DD71-4C24-867A-2B7C46DFB149}.Release|x64.ActiveCfg = Release|x64
		{205D0676-DD71-4C24-867A-2B7C46DFB149}.Release|x64.Build.0 = Release|x64
		{205D0676-DD71-4C24-867A-2B7C46DFB149}.Release|x86.ActiveCfg = Release|x86
		{205D0676-DD71-4C24-867A-2B7C46DFB149}.Release|x86.Build.0 = Release|x86
		{BDCA3BB8-0AC7-4876-9C8B-918C4DD4F778}.Debug|Any CPU.ActiveCfg = Debug|Any CPU
		{BDCA3BB8-0AC7-4876-9C8B-918C4DD4F778}.Debug|Any CPU.Build.0 = Debug|Any CPU
		{BDCA3BB8-0AC7-4876-9C8B-918C4DD4F778}.Debug|x64.ActiveCfg = Debug|x64
		{BDCA3BB8-0AC7-4876-9C8B-918C4DD4F778}.Debug|x64.Build.0 = Debug|x64
		{BDCA3BB8-0AC7-4876-9C8B-918C4DD4F778}.Debug|x86.ActiveCfg = Debug|x86
		{BDCA3BB8-0AC7-4876-9C8B-918C4DD4F778}.Debug|x86.Build.0 = Debug|x86
		{BDCA3BB8-0AC7-4876-9C8B-918C4DD4F778}.Release|Any CPU.ActiveCfg = Release|Any CPU
		{BDCA3BB8-0AC7-4876-9C8B-918C4DD4F778}.Release|Any CPU.Build.0 = Release|Any CPU
		{BDCA3BB8-0AC7-4876-9C8B-918C4DD4F778}.Release|x64.ActiveCfg = Release|x64
		{BDCA3BB8-0AC7-4876-9C8B-918C4DD4F778}.Release|x64.Build.0 = Release|x64
		{BDCA3BB8-0AC7-4876-9C8B-918C4DD4F778}.Release|x86.ActiveCfg = Release|x86
		{BDCA3BB8-0AC7-4876-9C8B-918C4DD4F778}.Release|x86.Build.0 = Release|x86
		{8A3326D5-7F98-450E-A0BF-28CFCB6ADC35}.Debug|Any CPU.ActiveCfg = Debug|Any CPU
		{8A3326D5-7F98-450E-A0BF-28CFCB6ADC35}.Debug|Any CPU.Build.0 = Debug|Any CPU
		{8A3326D5-7F98-450E-A0BF-28CFCB6ADC35}.Debug|x64.ActiveCfg = Debug|x64
		{8A3326D5-7F98-450E-A0BF-28CFCB6ADC35}.Debug|x64.Build.0 = Debug|x64
		{8A3326D5-7F98-450E-A0BF-28CFCB6ADC35}.Debug|x86.ActiveCfg = Debug|x86
		{8A3326D5-7F98-450E-A0BF-28CFCB6ADC35}.Debug|x86.Build.0 = Debug|x86
		{8A3326D5-7F98-450E-A0BF-28CFCB6ADC35}.Release|Any CPU.ActiveCfg = Release|Any CPU
		{8A3326D5-7F98-450E-A0BF-28CFCB6ADC35}.Release|Any CPU.Build.0 = Release|Any CPU
		{8A3326D5-7F98-450E-A0BF-28CFCB6ADC35}.Release|x64.ActiveCfg = Release|x64
		{8A3326D5-7F98-450E-A0BF-28CFCB6ADC35}.Release|x64.Build.0 = Release|x64
		{8A3326D5-7F98-450E-A0BF-28CFCB6ADC35}.Release|x86.ActiveCfg = Release|x86
		{8A3326D5-7F98-450E-A0BF-28CFCB6ADC35}.Release|x86.Build.0 = Release|x86
		{19F9A641-841E-46B9-9F1B-FA435ABD9D2B}.Debug|Any CPU.ActiveCfg = Debug|Any CPU
		{19F9A641-841E-46B9-9F1B-FA435ABD9D2B}.Debug|Any CPU.Build.0 = Debug|Any CPU
		{19F9A641-841E-46B9-9F1B-FA435ABD9D2B}.Debug|x64.ActiveCfg = Debug|x64
		{19F9A641-841E-46B9-9F1B-FA435ABD9D2B}.Debug|x64.Build.0 = Debug|x64
		{19F9A641-841E-46B9-9F1B-FA435ABD9D2B}.Debug|x86.ActiveCfg = Debug|x86
		{19F9A641-841E-46B9-9F1B-FA435ABD9D2B}.Debug|x86.Build.0 = Debug|x86
		{19F9A641-841E-46B9-9F1B-FA435ABD9D2B}.Release|Any CPU.ActiveCfg = Release|Any CPU
		{19F9A641-841E-46B9-9F1B-FA435ABD9D2B}.Release|Any CPU.Build.0 = Release|Any CPU
		{19F9A641-841E-46B9-9F1B-FA435ABD9D2B}.Release|x64.ActiveCfg = Release|x64
		{19F9A641-841E-46B9-9F1B-FA435ABD9D2B}.Release|x64.Build.0 = Release|x64
		{19F9A641-841E-46B9-9F1B-FA435ABD9D2B}.Release|x86.ActiveCfg = Release|x86
		{19F9A641-841E-46B9-9F1B-FA435ABD9D2B}.Release|x86.Build.0 = Release|x86
		{C872C60D-AC65-4F93-9130-15E61F09782F}.Debug|Any CPU.ActiveCfg = Debug|Any CPU
		{C872C60D-AC65-4F93-9130-15E61F09782F}.Debug|Any CPU.Build.0 = Debug|Any CPU
		{C872C60D-AC65-4F93-9130-15E61F09782F}.Debug|x64.ActiveCfg = Debug|x64
		{C872C60D-AC65-4F93-9130-15E61F09782F}.Debug|x64.Build.0 = Debug|x64
		{C872C60D-AC65-4F93-9130-15E61F09782F}.Debug|x86.ActiveCfg = Debug|x86
		{C872C60D-AC65-4F93-9130-15E61F09782F}.Debug|x86.Build.0 = Debug|x86
		{C872C60D-AC65-4F93-9130-15E61F09782F}.Release|Any CPU.ActiveCfg = Release|Any CPU
		{C872C60D-AC65-4F93-9130-15E61F09782F}.Release|Any CPU.Build.0 = Release|Any CPU
		{C872C60D-AC65-4F93-9130-15E61F09782F}.Release|x64.ActiveCfg = Release|x64
		{C872C60D-AC65-4F93-9130-15E61F09782F}.Release|x64.Build.0 = Release|x64
		{C872C60D-AC65-4F93-9130-15E61F09782F}.Release|x86.ActiveCfg = Release|x86
		{C872C60D-AC65-4F93-9130-15E61F09782F}.Release|x86.Build.0 = Release|x86
		{792EE6D1-F567-455C-82B1-614F2EBCE7F7}.Debug|Any CPU.ActiveCfg = Debug|Any CPU
		{792EE6D1-F567-455C-82B1-614F2EBCE7F7}.Debug|Any CPU.Build.0 = Debug|Any CPU
		{792EE6D1-F567-455C-82B1-614F2EBCE7F7}.Debug|x64.ActiveCfg = Debug|x64
		{792EE6D1-F567-455C-82B1-614F2EBCE7F7}.Debug|x64.Build.0 = Debug|x64
		{792EE6D1-F567-455C-82B1-614F2EBCE7F7}.Debug|x86.ActiveCfg = Debug|x86
		{792EE6D1-F567-455C-82B1-614F2EBCE7F7}.Debug|x86.Build.0 = Debug|x86
		{792EE6D1-F567-455C-82B1-614F2EBCE7F7}.Release|Any CPU.ActiveCfg = Release|Any CPU
		{792EE6D1-F567-455C-82B1-614F2EBCE7F7}.Release|Any CPU.Build.0 = Release|Any CPU
		{792EE6D1-F567-455C-82B1-614F2EBCE7F7}.Release|x64.ActiveCfg = Release|x64
		{792EE6D1-F567-455C-82B1-614F2EBCE7F7}.Release|x64.Build.0 = Release|x64
		{792EE6D1-F567-455C-82B1-614F2EBCE7F7}.Release|x86.ActiveCfg = Release|x86
		{792EE6D1-F567-455C-82B1-614F2EBCE7F7}.Release|x86.Build.0 = Release|x86
		{FD0F365E-5ED7-44E2-975C-15BE54BDB69A}.Debug|Any CPU.ActiveCfg = Debug|Any CPU
		{FD0F365E-5ED7-44E2-975C-15BE54BDB69A}.Debug|Any CPU.Build.0 = Debug|Any CPU
		{FD0F365E-5ED7-44E2-975C-15BE54BDB69A}.Debug|x64.ActiveCfg = Debug|x64
		{FD0F365E-5ED7-44E2-975C-15BE54BDB69A}.Debug|x64.Build.0 = Debug|x64
		{FD0F365E-5ED7-44E2-975C-15BE54BDB69A}.Debug|x86.ActiveCfg = Debug|x86
		{FD0F365E-5ED7-44E2-975C-15BE54BDB69A}.Debug|x86.Build.0 = Debug|x86
		{FD0F365E-5ED7-44E2-975C-15BE54BDB69A}.Release|Any CPU.ActiveCfg = Release|Any CPU
		{FD0F365E-5ED7-44E2-975C-15BE54BDB69A}.Release|Any CPU.Build.0 = Release|Any CPU
		{FD0F365E-5ED7-44E2-975C-15BE54BDB69A}.Release|x64.ActiveCfg = Release|x64
		{FD0F365E-5ED7-44E2-975C-15BE54BDB69A}.Release|x64.Build.0 = Release|x64
		{FD0F365E-5ED7-44E2-975C-15BE54BDB69A}.Release|x86.ActiveCfg = Release|x86
		{FD0F365E-5ED7-44E2-975C-15BE54BDB69A}.Release|x86.Build.0 = Release|x86
		{FBF2BE82-4E11-4BA4-9979-B73E39E48E85}.Debug|Any CPU.ActiveCfg = Debug|Any CPU
		{FBF2BE82-4E11-4BA4-9979-B73E39E48E85}.Debug|Any CPU.Build.0 = Debug|Any CPU
		{FBF2BE82-4E11-4BA4-9979-B73E39E48E85}.Debug|x64.ActiveCfg = Debug|x64
		{FBF2BE82-4E11-4BA4-9979-B73E39E48E85}.Debug|x64.Build.0 = Debug|x64
		{FBF2BE82-4E11-4BA4-9979-B73E39E48E85}.Debug|x86.ActiveCfg = Debug|x86
		{FBF2BE82-4E11-4BA4-9979-B73E39E48E85}.Debug|x86.Build.0 = Debug|x86
		{FBF2BE82-4E11-4BA4-9979-B73E39E48E85}.Release|Any CPU.ActiveCfg = Release|Any CPU
		{FBF2BE82-4E11-4BA4-9979-B73E39E48E85}.Release|Any CPU.Build.0 = Release|Any CPU
		{FBF2BE82-4E11-4BA4-9979-B73E39E48E85}.Release|x64.ActiveCfg = Release|x64
		{FBF2BE82-4E11-4BA4-9979-B73E39E48E85}.Release|x64.Build.0 = Release|x64
		{FBF2BE82-4E11-4BA4-9979-B73E39E48E85}.Release|x86.ActiveCfg = Release|x86
		{FBF2BE82-4E11-4BA4-9979-B73E39E48E85}.Release|x86.Build.0 = Release|x86
		{07E378DF-714F-4BD1-8D7C-A51262C7E498}.Debug|Any CPU.ActiveCfg = Debug|Any CPU
		{07E378DF-714F-4BD1-8D7C-A51262C7E498}.Debug|Any CPU.Build.0 = Debug|Any CPU
		{07E378DF-714F-4BD1-8D7C-A51262C7E498}.Debug|x64.ActiveCfg = Debug|x64
		{07E378DF-714F-4BD1-8D7C-A51262C7E498}.Debug|x64.Build.0 = Debug|x64
		{07E378DF-714F-4BD1-8D7C-A51262C7E498}.Debug|x86.ActiveCfg = Debug|x86
		{07E378DF-714F-4BD1-8D7C-A51262C7E498}.Debug|x86.Build.0 = Debug|x86
		{07E378DF-714F-4BD1-8D7C-A51262C7E498}.Release|Any CPU.ActiveCfg = Release|Any CPU
		{07E378DF-714F-4BD1-8D7C-A51262C7E498}.Release|Any CPU.Build.0 = Release|Any CPU
		{07E378DF-714F-4BD1-8D7C-A51262C7E498}.Release|x64.ActiveCfg = Release|x64
		{07E378DF-714F-4BD1-8D7C-A51262C7E498}.Release|x64.Build.0 = Release|x64
		{07E378DF-714F-4BD1-8D7C-A51262C7E498}.Release|x86.ActiveCfg = Release|x86
		{07E378DF-714F-4BD1-8D7C-A51262C7E498}.Release|x86.Build.0 = Release|x86
		{05D9A33F-636E-4C8A-957E-6ADEBFB103B4}.Debug|Any CPU.ActiveCfg = Debug|Any CPU
		{05D9A33F-636E-4C8A-957E-6ADEBFB103B4}.Debug|Any CPU.Build.0 = Debug|Any CPU
		{05D9A33F-636E-4C8A-957E-6ADEBFB103B4}.Debug|x64.ActiveCfg = Debug|x64
		{05D9A33F-636E-4C8A-957E-6ADEBFB103B4}.Debug|x64.Build.0 = Debug|x64
		{05D9A33F-636E-4C8A-957E-6ADEBFB103B4}.Debug|x86.ActiveCfg = Debug|x86
		{05D9A33F-636E-4C8A-957E-6ADEBFB103B4}.Debug|x86.Build.0 = Debug|x86
		{05D9A33F-636E-4C8A-957E-6ADEBFB103B4}.Release|Any CPU.ActiveCfg = Release|Any CPU
		{05D9A33F-636E-4C8A-957E-6ADEBFB103B4}.Release|Any CPU.Build.0 = Release|Any CPU
		{05D9A33F-636E-4C8A-957E-6ADEBFB103B4}.Release|x64.ActiveCfg = Release|x64
		{05D9A33F-636E-4C8A-957E-6ADEBFB103B4}.Release|x64.Build.0 = Release|x64
		{05D9A33F-636E-4C8A-957E-6ADEBFB103B4}.Release|x86.ActiveCfg = Release|x86
		{05D9A33F-636E-4C8A-957E-6ADEBFB103B4}.Release|x86.Build.0 = Release|x86
		{D22D6A41-3CB2-439A-A14C-374EECA4DB4F}.Debug|Any CPU.ActiveCfg = Debug|Any CPU
		{D22D6A41-3CB2-439A-A14C-374EECA4DB4F}.Debug|Any CPU.Build.0 = Debug|Any CPU
		{D22D6A41-3CB2-439A-A14C-374EECA4DB4F}.Debug|x64.ActiveCfg = Debug|x64
		{D22D6A41-3CB2-439A-A14C-374EECA4DB4F}.Debug|x64.Build.0 = Debug|x64
		{D22D6A41-3CB2-439A-A14C-374EECA4DB4F}.Debug|x86.ActiveCfg = Debug|x86
		{D22D6A41-3CB2-439A-A14C-374EECA4DB4F}.Debug|x86.Build.0 = Debug|x86
		{D22D6A41-3CB2-439A-A14C-374EECA4DB4F}.Release|Any CPU.ActiveCfg = Release|Any CPU
		{D22D6A41-3CB2-439A-A14C-374EECA4DB4F}.Release|Any CPU.Build.0 = Release|Any CPU
		{D22D6A41-3CB2-439A-A14C-374EECA4DB4F}.Release|x64.ActiveCfg = Release|x64
		{D22D6A41-3CB2-439A-A14C-374EECA4DB4F}.Release|x64.Build.0 = Release|x64
		{D22D6A41-3CB2-439A-A14C-374EECA4DB4F}.Release|x86.ActiveCfg = Release|x86
		{D22D6A41-3CB2-439A-A14C-374EECA4DB4F}.Release|x86.Build.0 = Release|x86
		{A52B57AB-478E-4FCE-AF68-2F56582AC6AC}.Debug|Any CPU.ActiveCfg = Debug|Any CPU
		{A52B57AB-478E-4FCE-AF68-2F56582AC6AC}.Debug|Any CPU.Build.0 = Debug|Any CPU
		{A52B57AB-478E-4FCE-AF68-2F56582AC6AC}.Debug|x64.ActiveCfg = Debug|x64
		{A52B57AB-478E-4FCE-AF68-2F56582AC6AC}.Debug|x64.Build.0 = Debug|x64
		{A52B57AB-478E-4FCE-AF68-2F56582AC6AC}.Debug|x86.ActiveCfg = Debug|x86
		{A52B57AB-478E-4FCE-AF68-2F56582AC6AC}.Debug|x86.Build.0 = Debug|x86
		{A52B57AB-478E-4FCE-AF68-2F56582AC6AC}.Release|Any CPU.ActiveCfg = Release|Any CPU
		{A52B57AB-478E-4FCE-AF68-2F56582AC6AC}.Release|Any CPU.Build.0 = Release|Any CPU
		{A52B57AB-478E-4FCE-AF68-2F56582AC6AC}.Release|x64.ActiveCfg = Release|x64
		{A52B57AB-478E-4FCE-AF68-2F56582AC6AC}.Release|x64.Build.0 = Release|x64
		{A52B57AB-478E-4FCE-AF68-2F56582AC6AC}.Release|x86.ActiveCfg = Release|x86
		{A52B57AB-478E-4FCE-AF68-2F56582AC6AC}.Release|x86.Build.0 = Release|x86
		{CB8F8AFF-186E-4F3A-8656-4DB4B410880B}.Debug|Any CPU.ActiveCfg = Debug|Any CPU
		{CB8F8AFF-186E-4F3A-8656-4DB4B410880B}.Debug|Any CPU.Build.0 = Debug|Any CPU
		{CB8F8AFF-186E-4F3A-8656-4DB4B410880B}.Debug|x64.ActiveCfg = Debug|Any CPU
		{CB8F8AFF-186E-4F3A-8656-4DB4B410880B}.Debug|x64.Build.0 = Debug|Any CPU
		{CB8F8AFF-186E-4F3A-8656-4DB4B410880B}.Debug|x86.ActiveCfg = Debug|Any CPU
		{CB8F8AFF-186E-4F3A-8656-4DB4B410880B}.Debug|x86.Build.0 = Debug|Any CPU
		{CB8F8AFF-186E-4F3A-8656-4DB4B410880B}.Release|Any CPU.ActiveCfg = Release|Any CPU
		{CB8F8AFF-186E-4F3A-8656-4DB4B410880B}.Release|Any CPU.Build.0 = Release|Any CPU
		{CB8F8AFF-186E-4F3A-8656-4DB4B410880B}.Release|x64.ActiveCfg = Release|Any CPU
		{CB8F8AFF-186E-4F3A-8656-4DB4B410880B}.Release|x64.Build.0 = Release|Any CPU
		{CB8F8AFF-186E-4F3A-8656-4DB4B410880B}.Release|x86.ActiveCfg = Release|Any CPU
		{CB8F8AFF-186E-4F3A-8656-4DB4B410880B}.Release|x86.Build.0 = Release|Any CPU
		{4CF3551C-0BBA-41A7-8D1C-EE3E636CC1D0}.Debug|Any CPU.ActiveCfg = Debug|Any CPU
		{4CF3551C-0BBA-41A7-8D1C-EE3E636CC1D0}.Debug|Any CPU.Build.0 = Debug|Any CPU
		{4CF3551C-0BBA-41A7-8D1C-EE3E636CC1D0}.Debug|x64.ActiveCfg = Debug|Any CPU
		{4CF3551C-0BBA-41A7-8D1C-EE3E636CC1D0}.Debug|x64.Build.0 = Debug|Any CPU
		{4CF3551C-0BBA-41A7-8D1C-EE3E636CC1D0}.Debug|x86.ActiveCfg = Debug|Any CPU
		{4CF3551C-0BBA-41A7-8D1C-EE3E636CC1D0}.Debug|x86.Build.0 = Debug|Any CPU
		{4CF3551C-0BBA-41A7-8D1C-EE3E636CC1D0}.Release|Any CPU.ActiveCfg = Release|Any CPU
		{4CF3551C-0BBA-41A7-8D1C-EE3E636CC1D0}.Release|Any CPU.Build.0 = Release|Any CPU
		{4CF3551C-0BBA-41A7-8D1C-EE3E636CC1D0}.Release|x64.ActiveCfg = Release|Any CPU
		{4CF3551C-0BBA-41A7-8D1C-EE3E636CC1D0}.Release|x64.Build.0 = Release|Any CPU
		{4CF3551C-0BBA-41A7-8D1C-EE3E636CC1D0}.Release|x86.ActiveCfg = Release|Any CPU
		{4CF3551C-0BBA-41A7-8D1C-EE3E636CC1D0}.Release|x86.Build.0 = Release|Any CPU
		{155C4D83-1DEC-4AE5-B075-E1110D9F50F4}.Debug|Any CPU.ActiveCfg = Debug|Any CPU
		{155C4D83-1DEC-4AE5-B075-E1110D9F50F4}.Debug|Any CPU.Build.0 = Debug|Any CPU
		{155C4D83-1DEC-4AE5-B075-E1110D9F50F4}.Debug|x64.ActiveCfg = Debug|Any CPU
		{155C4D83-1DEC-4AE5-B075-E1110D9F50F4}.Debug|x64.Build.0 = Debug|Any CPU
		{155C4D83-1DEC-4AE5-B075-E1110D9F50F4}.Debug|x86.ActiveCfg = Debug|Any CPU
		{155C4D83-1DEC-4AE5-B075-E1110D9F50F4}.Debug|x86.Build.0 = Debug|Any CPU
		{155C4D83-1DEC-4AE5-B075-E1110D9F50F4}.Release|Any CPU.ActiveCfg = Release|Any CPU
		{155C4D83-1DEC-4AE5-B075-E1110D9F50F4}.Release|Any CPU.Build.0 = Release|Any CPU
		{155C4D83-1DEC-4AE5-B075-E1110D9F50F4}.Release|x64.ActiveCfg = Release|Any CPU
		{155C4D83-1DEC-4AE5-B075-E1110D9F50F4}.Release|x64.Build.0 = Release|Any CPU
		{155C4D83-1DEC-4AE5-B075-E1110D9F50F4}.Release|x86.ActiveCfg = Release|Any CPU
		{155C4D83-1DEC-4AE5-B075-E1110D9F50F4}.Release|x86.Build.0 = Release|Any CPU
		{CBD54660-CE42-4F8B-A100-F36A51AA3907}.Debug|Any CPU.ActiveCfg = Debug|Any CPU
		{CBD54660-CE42-4F8B-A100-F36A51AA3907}.Debug|Any CPU.Build.0 = Debug|Any CPU
		{CBD54660-CE42-4F8B-A100-F36A51AA3907}.Debug|x64.ActiveCfg = Debug|Any CPU
		{CBD54660-CE42-4F8B-A100-F36A51AA3907}.Debug|x64.Build.0 = Debug|Any CPU
		{CBD54660-CE42-4F8B-A100-F36A51AA3907}.Debug|x86.ActiveCfg = Debug|Any CPU
		{CBD54660-CE42-4F8B-A100-F36A51AA3907}.Debug|x86.Build.0 = Debug|Any CPU
		{CBD54660-CE42-4F8B-A100-F36A51AA3907}.Release|Any CPU.ActiveCfg = Release|Any CPU
		{CBD54660-CE42-4F8B-A100-F36A51AA3907}.Release|Any CPU.Build.0 = Release|Any CPU
		{CBD54660-CE42-4F8B-A100-F36A51AA3907}.Release|x64.ActiveCfg = Release|Any CPU
		{CBD54660-CE42-4F8B-A100-F36A51AA3907}.Release|x64.Build.0 = Release|Any CPU
		{CBD54660-CE42-4F8B-A100-F36A51AA3907}.Release|x86.ActiveCfg = Release|Any CPU
		{CBD54660-CE42-4F8B-A100-F36A51AA3907}.Release|x86.Build.0 = Release|Any CPU
		{FA65A7E9-C487-4663-BB45-C16149C6D901}.Debug|Any CPU.ActiveCfg = Debug|Any CPU
		{FA65A7E9-C487-4663-BB45-C16149C6D901}.Debug|Any CPU.Build.0 = Debug|Any CPU
		{FA65A7E9-C487-4663-BB45-C16149C6D901}.Debug|x64.ActiveCfg = Debug|Any CPU
		{FA65A7E9-C487-4663-BB45-C16149C6D901}.Debug|x64.Build.0 = Debug|Any CPU
		{FA65A7E9-C487-4663-BB45-C16149C6D901}.Debug|x86.ActiveCfg = Debug|Any CPU
		{FA65A7E9-C487-4663-BB45-C16149C6D901}.Debug|x86.Build.0 = Debug|Any CPU
		{FA65A7E9-C487-4663-BB45-C16149C6D901}.Release|Any CPU.ActiveCfg = Release|Any CPU
		{FA65A7E9-C487-4663-BB45-C16149C6D901}.Release|Any CPU.Build.0 = Release|Any CPU
		{FA65A7E9-C487-4663-BB45-C16149C6D901}.Release|x64.ActiveCfg = Release|Any CPU
		{FA65A7E9-C487-4663-BB45-C16149C6D901}.Release|x64.Build.0 = Release|Any CPU
		{FA65A7E9-C487-4663-BB45-C16149C6D901}.Release|x86.ActiveCfg = Release|Any CPU
		{FA65A7E9-C487-4663-BB45-C16149C6D901}.Release|x86.Build.0 = Release|Any CPU
	EndGlobalSection
	GlobalSection(SolutionProperties) = preSolution
		HideSolutionNode = FALSE
	EndGlobalSection
	GlobalSection(NestedProjects) = preSolution
		{3EF72EA4-CDE1-43B2-812E-74DDC33F9057} = {E39653C2-D2BE-44FE-9233-05706E8E2881}
		{B2297302-56D3-41CE-BA83-3B964A0650F0} = {E39653C2-D2BE-44FE-9233-05706E8E2881}
		{D59C5843-FFF6-49E0-BD55-86FE07C3D535} = {E39653C2-D2BE-44FE-9233-05706E8E2881}
		{271E46B6-20AB-4639-AA22-1889339BE6CF} = {E39653C2-D2BE-44FE-9233-05706E8E2881}
		{CAB19DFB-DA33-4BA3-B333-06E6CCEB2509} = {E39653C2-D2BE-44FE-9233-05706E8E2881}
		{9B76FB69-AA07-4E3B-B300-8492DC2F6970} = {E39653C2-D2BE-44FE-9233-05706E8E2881}
		{91DBDBE3-588C-4475-8B20-2E652EFA6AE8} = {E39653C2-D2BE-44FE-9233-05706E8E2881}
		{B490A377-324A-41E8-9D80-88E310D96F2E} = {E39653C2-D2BE-44FE-9233-05706E8E2881}
		{5CD4FBB3-FBB4-49DF-9F5B-D2A826E68513} = {E39653C2-D2BE-44FE-9233-05706E8E2881}
		{6F34B379-1125-4A79-BF38-F9D32C22ED55} = {E39653C2-D2BE-44FE-9233-05706E8E2881}
		{1E19CAC8-EDA1-42ED-9367-5A0A63ADD82F} = {E39653C2-D2BE-44FE-9233-05706E8E2881}
		{205D0676-DD71-4C24-867A-2B7C46DFB149} = {E39653C2-D2BE-44FE-9233-05706E8E2881}
		{BDCA3BB8-0AC7-4876-9C8B-918C4DD4F778} = {E39653C2-D2BE-44FE-9233-05706E8E2881}
		{8A3326D5-7F98-450E-A0BF-28CFCB6ADC35} = {E39653C2-D2BE-44FE-9233-05706E8E2881}
		{19F9A641-841E-46B9-9F1B-FA435ABD9D2B} = {E39653C2-D2BE-44FE-9233-05706E8E2881}
		{C872C60D-AC65-4F93-9130-15E61F09782F} = {E39653C2-D2BE-44FE-9233-05706E8E2881}
		{792EE6D1-F567-455C-82B1-614F2EBCE7F7} = {E39653C2-D2BE-44FE-9233-05706E8E2881}
		{FD0F365E-5ED7-44E2-975C-15BE54BDB69A} = {E39653C2-D2BE-44FE-9233-05706E8E2881}
		{FBF2BE82-4E11-4BA4-9979-B73E39E48E85} = {E39653C2-D2BE-44FE-9233-05706E8E2881}
		{07E378DF-714F-4BD1-8D7C-A51262C7E498} = {E39653C2-D2BE-44FE-9233-05706E8E2881}
		{05D9A33F-636E-4C8A-957E-6ADEBFB103B4} = {E39653C2-D2BE-44FE-9233-05706E8E2881}
		{D22D6A41-3CB2-439A-A14C-374EECA4DB4F} = {E39653C2-D2BE-44FE-9233-05706E8E2881}
		{A52B57AB-478E-4FCE-AF68-2F56582AC6AC} = {E39653C2-D2BE-44FE-9233-05706E8E2881}
		{CB8F8AFF-186E-4F3A-8656-4DB4B410880B} = {88A59E35-2500-4F17-AB7A-FF41AF0FE295}
		{4CF3551C-0BBA-41A7-8D1C-EE3E636CC1D0} = {E39653C2-D2BE-44FE-9233-05706E8E2881}
		{155C4D83-1DEC-4AE5-B075-E1110D9F50F4} = {E39653C2-D2BE-44FE-9233-05706E8E2881}
		{CBD54660-CE42-4F8B-A100-F36A51AA3907} = {E39653C2-D2BE-44FE-9233-05706E8E2881}
		{FA65A7E9-C487-4663-BB45-C16149C6D901} = {E39653C2-D2BE-44FE-9233-05706E8E2881}
	EndGlobalSection
EndGlobal
